// !$*UTF8*$!
{
	archiveVersion = 1;
	classes = {
	};
	objectVersion = 50;
	objects = {

/* Begin PBXBuildFile section */
		11C74B82269B0AC200347793 /* AppDelegate.swift in Sources */ = {isa = PBXBuildFile; fileRef = 11C74B81269B0AC200347793 /* AppDelegate.swift */; };
		11C74B84269B0AC200347793 /* SceneDelegate.swift in Sources */ = {isa = PBXBuildFile; fileRef = 11C74B83269B0AC200347793 /* SceneDelegate.swift */; };
		11C74B86269B0AC200347793 /* ViewController.swift in Sources */ = {isa = PBXBuildFile; fileRef = 11C74B85269B0AC200347793 /* ViewController.swift */; };
		11C74B89269B0AC200347793 /* Main.storyboard in Resources */ = {isa = PBXBuildFile; fileRef = 11C74B87269B0AC200347793 /* Main.storyboard */; };
		11C74B8B269B0ACB00347793 /* Assets.xcassets in Resources */ = {isa = PBXBuildFile; fileRef = 11C74B8A269B0ACB00347793 /* Assets.xcassets */; };
		11C74B8E269B0ACB00347793 /* LaunchScreen.storyboard in Resources */ = {isa = PBXBuildFile; fileRef = 11C74B8C269B0ACB00347793 /* LaunchScreen.storyboard */; };
		11C74B9C269B0F7B00347793 /* BankAssembly.swift in Sources */ = {isa = PBXBuildFile; fileRef = 11C74B97269B0F7B00347793 /* BankAssembly.swift */; };
		11C74B9D269B0F7B00347793 /* Bank.swift in Sources */ = {isa = PBXBuildFile; fileRef = 11C74B98269B0F7B00347793 /* Bank.swift */; };
		11C74B9E269B0F7B00347793 /* Storage.swift in Sources */ = {isa = PBXBuildFile; fileRef = 11C74B9A269B0F7B00347793 /* Storage.swift */; };
		11C74B9F269B0F7B00347793 /* StoragesAssembly.swift in Sources */ = {isa = PBXBuildFile; fileRef = 11C74B9B269B0F7B00347793 /* StoragesAssembly.swift */; };
/* End PBXBuildFile section */

/* Begin PBXFileReference section */
		11C74B7E269B0AC200347793 /* BankUISample.app */ = {isa = PBXFileReference; explicitFileType = wrapper.application; includeInIndex = 0; path = BankUISample.app; sourceTree = BUILT_PRODUCTS_DIR; };
		11C74B81269B0AC200347793 /* AppDelegate.swift */ = {isa = PBXFileReference; lastKnownFileType = sourcecode.swift; path = AppDelegate.swift; sourceTree = "<group>"; };
		11C74B83269B0AC200347793 /* SceneDelegate.swift */ = {isa = PBXFileReference; lastKnownFileType = sourcecode.swift; path = SceneDelegate.swift; sourceTree = "<group>"; };
		11C74B85269B0AC200347793 /* ViewController.swift */ = {isa = PBXFileReference; lastKnownFileType = sourcecode.swift; path = ViewController.swift; sourceTree = "<group>"; };
		11C74B88269B0AC200347793 /* Base */ = {isa = PBXFileReference; lastKnownFileType = file.storyboard; name = Base; path = Base.lproj/Main.storyboard; sourceTree = "<group>"; };
		11C74B8A269B0ACB00347793 /* Assets.xcassets */ = {isa = PBXFileReference; lastKnownFileType = folder.assetcatalog; path = Assets.xcassets; sourceTree = "<group>"; };
		11C74B8D269B0ACB00347793 /* Base */ = {isa = PBXFileReference; lastKnownFileType = file.storyboard; name = Base; path = Base.lproj/LaunchScreen.storyboard; sourceTree = "<group>"; };
		11C74B8F269B0ACB00347793 /* Info.plist */ = {isa = PBXFileReference; lastKnownFileType = text.plist.xml; path = Info.plist; sourceTree = "<group>"; };
		11C74B97269B0F7B00347793 /* BankAssembly.swift */ = {isa = PBXFileReference; fileEncoding = 4; lastKnownFileType = sourcecode.swift; path = BankAssembly.swift; sourceTree = "<group>"; };
		11C74B98269B0F7B00347793 /* Bank.swift */ = {isa = PBXFileReference; fileEncoding = 4; lastKnownFileType = sourcecode.swift; path = Bank.swift; sourceTree = "<group>"; };
		11C74B9A269B0F7B00347793 /* Storage.swift */ = {isa = PBXFileReference; fileEncoding = 4; lastKnownFileType = sourcecode.swift; path = Storage.swift; sourceTree = "<group>"; };
		11C74B9B269B0F7B00347793 /* StoragesAssembly.swift */ = {isa = PBXFileReference; fileEncoding = 4; lastKnownFileType = sourcecode.swift; path = StoragesAssembly.swift; sourceTree = "<group>"; };
/* End PBXFileReference section */

/* Begin PBXFrameworksBuildPhase section */
		11C74B7B269B0AC200347793 /* Frameworks */ = {
			isa = PBXFrameworksBuildPhase;
			buildActionMask = 2147483647;
			files = (
			);
			runOnlyForDeploymentPostprocessing = 0;
		};
/* End PBXFrameworksBuildPhase section */

/* Begin PBXGroup section */
		11C74B75269B0AC200347793 = {
			isa = PBXGroup;
			children = (
				11C74B80269B0AC200347793 /* BankUISample */,
				11C74B7F269B0AC200347793 /* Products */,
			);
			sourceTree = "<group>";
		};
		11C74B7F269B0AC200347793 /* Products */ = {
			isa = PBXGroup;
			children = (
				11C74B7E269B0AC200347793 /* BankUISample.app */,
			);
			name = Products;
			sourceTree = "<group>";
		};
		11C74B80269B0AC200347793 /* BankUISample */ = {
			isa = PBXGroup;
			children = (
				11C74B96269B0F7B00347793 /* Bank */,
				11C74B99269B0F7B00347793 /* Storages */,
				11C74B81269B0AC200347793 /* AppDelegate.swift */,
				11C74B83269B0AC200347793 /* SceneDelegate.swift */,
				11C74B85269B0AC200347793 /* ViewController.swift */,
				11C74B87269B0AC200347793 /* Main.storyboard */,
				11C74B8A269B0ACB00347793 /* Assets.xcassets */,
				11C74B8C269B0ACB00347793 /* LaunchScreen.storyboard */,
				11C74B8F269B0ACB00347793 /* Info.plist */,
			);
			path = BankUISample;
			sourceTree = "<group>";
		};
		11C74B96269B0F7B00347793 /* Bank */ = {
			isa = PBXGroup;
			children = (
				11C74B97269B0F7B00347793 /* BankAssembly.swift */,
				11C74B98269B0F7B00347793 /* Bank.swift */,
			);
			name = Bank;
			path = ../../Bank_start/Bank_start/Bank;
			sourceTree = "<group>";
		};
		11C74B99269B0F7B00347793 /* Storages */ = {
			isa = PBXGroup;
			children = (
				11C74B9A269B0F7B00347793 /* Storage.swift */,
				11C74B9B269B0F7B00347793 /* StoragesAssembly.swift */,
			);
			name = Storages;
			path = ../../Bank_start/Bank_start/Storages;
			sourceTree = "<group>";
		};
/* End PBXGroup section */

/* Begin PBXNativeTarget section */
		11C74B7D269B0AC200347793 /* BankUISample */ = {
			isa = PBXNativeTarget;
			buildConfigurationList = 11C74B92269B0ACB00347793 /* Build configuration list for PBXNativeTarget "BankUISample" */;
			buildPhases = (
				11C74B7A269B0AC200347793 /* Sources */,
				11C74B7B269B0AC200347793 /* Frameworks */,
				11C74B7C269B0AC200347793 /* Resources */,
			);
			buildRules = (
			);
			dependencies = (
			);
			name = BankUISample;
			productName = BankUISample;
			productReference = 11C74B7E269B0AC200347793 /* BankUISample.app */;
			productType = "com.apple.product-type.application";
		};
/* End PBXNativeTarget section */

/* Begin PBXProject section */
		11C74B76269B0AC200347793 /* Project object */ = {
			isa = PBXProject;
			attributes = {
				LastSwiftUpdateCheck = 1240;
				LastUpgradeCheck = 1240;
				TargetAttributes = {
					11C74B7D269B0AC200347793 = {
						CreatedOnToolsVersion = 12.4;
					};
				};
			};
			buildConfigurationList = 11C74B79269B0AC200347793 /* Build configuration list for PBXProject "BankUISample" */;
			compatibilityVersion = "Xcode 9.3";
			developmentRegion = en;
			hasScannedForEncodings = 0;
			knownRegions = (
				en,
				Base,
			);
			mainGroup = 11C74B75269B0AC200347793;
			productRefGroup = 11C74B7F269B0AC200347793 /* Products */;
			projectDirPath = "";
			projectRoot = "";
			targets = (
				11C74B7D269B0AC200347793 /* BankUISample */,
			);
		};
/* End PBXProject section */

/* Begin PBXResourcesBuildPhase section */
		11C74B7C269B0AC200347793 /* Resources */ = {
			isa = PBXResourcesBuildPhase;
			buildActionMask = 2147483647;
			files = (
				11C74B8E269B0ACB00347793 /* LaunchScreen.storyboard in Resources */,
				11C74B8B269B0ACB00347793 /* Assets.xcassets in Resources */,
				11C74B89269B0AC200347793 /* Main.storyboard in Resources */,
			);
			runOnlyForDeploymentPostprocessing = 0;
		};
/* End PBXResourcesBuildPhase section */

/* Begin PBXSourcesBuildPhase section */
		11C74B7A269B0AC200347793 /* Sources */ = {
			isa = PBXSourcesBuildPhase;
			buildActionMask = 2147483647;
			files = (
				11C74B86269B0AC200347793 /* ViewController.swift in Sources */,
				11C74B9F269B0F7B00347793 /* StoragesAssembly.swift in Sources */,
				11C74B9C269B0F7B00347793 /* BankAssembly.swift in Sources */,
				11C74B9D269B0F7B00347793 /* Bank.swift in Sources */,
				11C74B82269B0AC200347793 /* AppDelegate.swift in Sources */,
				11C74B84269B0AC200347793 /* SceneDelegate.swift in Sources */,
				11C74B9E269B0F7B00347793 /* Storage.swift in Sources */,
			);
			runOnlyForDeploymentPostprocessing = 0;
		};
/* End PBXSourcesBuildPhase section */

/* Begin PBXVariantGroup section */
		11C74B87269B0AC200347793 /* Main.storyboard */ = {
			isa = PBXVariantGroup;
			children = (
				11C74B88269B0AC200347793 /* Base */,
			);
			name = Main.storyboard;
			sourceTree = "<group>";
		};
		11C74B8C269B0ACB00347793 /* LaunchScreen.storyboard */ = {
			isa = PBXVariantGroup;
			children = (
				11C74B8D269B0ACB00347793 /* Base */,
			);
			name = LaunchScreen.storyboard;
			sourceTree = "<group>";
		};
/* End PBXVariantGroup section */

/* Begin XCBuildConfiguration section */
		11C74B90269B0ACB00347793 /* Debug */ = {
			isa = XCBuildConfiguration;
			buildSettings = {
				ALWAYS_SEARCH_USER_PATHS = NO;
				CLANG_ANALYZER_NONNULL = YES;
				CLANG_ANALYZER_NUMBER_OBJECT_CONVERSION = YES_AGGRESSIVE;
				CLANG_CXX_LANGUAGE_STANDARD = "gnu++14";
				CLANG_CXX_LIBRARY = "libc++";
				CLANG_ENABLE_MODULES = YES;
				CLANG_ENABLE_OBJC_ARC = YES;
				CLANG_ENABLE_OBJC_WEAK = YES;
				CLANG_WARN_BLOCK_CAPTURE_AUTORELEASING = YES;
				CLANG_WARN_BOOL_CONVERSION = YES;
				CLANG_WARN_COMMA = YES;
				CLANG_WARN_CONSTANT_CONVERSION = YES;
				CLANG_WARN_DEPRECATED_OBJC_IMPLEMENTATIONS = YES;
				CLANG_WARN_DIRECT_OBJC_ISA_USAGE = YES_ERROR;
				CLANG_WARN_DOCUMENTATION_COMMENTS = YES;
				CLANG_WARN_EMPTY_BODY = YES;
				CLANG_WARN_ENUM_CONVERSION = YES;
				CLANG_WARN_INFINITE_RECURSION = YES;
				CLANG_WARN_INT_CONVERSION = YES;
				CLANG_WARN_NON_LITERAL_NULL_CONVERSION = YES;
				CLANG_WARN_OBJC_IMPLICIT_RETAIN_SELF = YES;
				CLANG_WARN_OBJC_LITERAL_CONVERSION = YES;
				CLANG_WARN_OBJC_ROOT_CLASS = YES_ERROR;
				CLANG_WARN_QUOTED_INCLUDE_IN_FRAMEWORK_HEADER = YES;
				CLANG_WARN_RANGE_LOOP_ANALYSIS = YES;
				CLANG_WARN_STRICT_PROTOTYPES = YES;
				CLANG_WARN_SUSPICIOUS_MOVE = YES;
				CLANG_WARN_UNGUARDED_AVAILABILITY = YES_AGGRESSIVE;
				CLANG_WARN_UNREACHABLE_CODE = YES;
				CLANG_WARN__DUPLICATE_METHOD_MATCH = YES;
				COPY_PHASE_STRIP = NO;
				DEBUG_INFORMATION_FORMAT = dwarf;
				ENABLE_STRICT_OBJC_MSGSEND = YES;
				ENABLE_TESTABILITY = YES;
				GCC_C_LANGUAGE_STANDARD = gnu11;
				GCC_DYNAMIC_NO_PIC = NO;
				GCC_NO_COMMON_BLOCKS = YES;
				GCC_OPTIMIZATION_LEVEL = 0;
				GCC_PREPROCESSOR_DEFINITIONS = (
					"DEBUG=1",
					"$(inherited)",
				);
				GCC_WARN_64_TO_32_BIT_CONVERSION = YES;
				GCC_WARN_ABOUT_RETURN_TYPE = YES_ERROR;
				GCC_WARN_UNDECLARED_SELECTOR = YES;
				GCC_WARN_UNINITIALIZED_AUTOS = YES_AGGRESSIVE;
				GCC_WARN_UNUSED_FUNCTION = YES;
				GCC_WARN_UNUSED_VARIABLE = YES;
				IPHONEOS_DEPLOYMENT_TARGET = 14.4;
				MTL_ENABLE_DEBUG_INFO = INCLUDE_SOURCE;
				MTL_FAST_MATH = YES;
				ONLY_ACTIVE_ARCH = YES;
				SDKROOT = iphoneos;
				SWIFT_ACTIVE_COMPILATION_CONDITIONS = DEBUG;
				SWIFT_OPTIMIZATION_LEVEL = "-Onone";
			};
			name = Debug;
		};
		11C74B91269B0ACB00347793 /* Release */ = {
			isa = XCBuildConfiguration;
			buildSettings = {
				ALWAYS_SEARCH_USER_PATHS = NO;
				CLANG_ANALYZER_NONNULL = YES;
				CLANG_ANALYZER_NUMBER_OBJECT_CONVERSION = YES_AGGRESSIVE;
				CLANG_CXX_LANGUAGE_STANDARD = "gnu++14";
				CLANG_CXX_LIBRARY = "libc++";
				CLANG_ENABLE_MODULES = YES;
				CLANG_ENABLE_OBJC_ARC = YES;
				CLANG_ENABLE_OBJC_WEAK = YES;
				CLANG_WARN_BLOCK_CAPTURE_AUTORELEASING = YES;
				CLANG_WARN_BOOL_CONVERSION = YES;
				CLANG_WARN_COMMA = YES;
				CLANG_WARN_CONSTANT_CONVERSION = YES;
				CLANG_WARN_DEPRECATED_OBJC_IMPLEMENTATIONS = YES;
				CLANG_WARN_DIRECT_OBJC_ISA_USAGE = YES_ERROR;
				CLANG_WARN_DOCUMENTATION_COMMENTS = YES;
				CLANG_WARN_EMPTY_BODY = YES;
				CLANG_WARN_ENUM_CONVERSION = YES;
				CLANG_WARN_INFINITE_RECURSION = YES;
				CLANG_WARN_INT_CONVERSION = YES;
				CLANG_WARN_NON_LITERAL_NULL_CONVERSION = YES;
				CLANG_WARN_OBJC_IMPLICIT_RETAIN_SELF = YES;
				CLANG_WARN_OBJC_LITERAL_CONVERSION = YES;
				CLANG_WARN_OBJC_ROOT_CLASS = YES_ERROR;
				CLANG_WARN_QUOTED_INCLUDE_IN_FRAMEWORK_HEADER = YES;
				CLANG_WARN_RANGE_LOOP_ANALYSIS = YES;
				CLANG_WARN_STRICT_PROTOTYPES = YES;
				CLANG_WARN_SUSPICIOUS_MOVE = YES;
				CLANG_WARN_UNGUARDED_AVAILABILITY = YES_AGGRESSIVE;
				CLANG_WARN_UNREACHABLE_CODE = YES;
				CLANG_WARN__DUPLICATE_METHOD_MATCH = YES;
				COPY_PHASE_STRIP = NO;
				DEBUG_INFORMATION_FORMAT = "dwarf-with-dsym";
				ENABLE_NS_ASSERTIONS = NO;
				ENABLE_STRICT_OBJC_MSGSEND = YES;
				GCC_C_LANGUAGE_STANDARD = gnu11;
				GCC_NO_COMMON_BLOCKS = YES;
				GCC_WARN_64_TO_32_BIT_CONVERSION = YES;
				GCC_WARN_ABOUT_RETURN_TYPE = YES_ERROR;
				GCC_WARN_UNDECLARED_SELECTOR = YES;
				GCC_WARN_UNINITIALIZED_AUTOS = YES_AGGRESSIVE;
				GCC_WARN_UNUSED_FUNCTION = YES;
				GCC_WARN_UNUSED_VARIABLE = YES;
				IPHONEOS_DEPLOYMENT_TARGET = 14.4;
				MTL_ENABLE_DEBUG_INFO = NO;
				MTL_FAST_MATH = YES;
				SDKROOT = iphoneos;
				SWIFT_COMPILATION_MODE = wholemodule;
				SWIFT_OPTIMIZATION_LEVEL = "-O";
				VALIDATE_PRODUCT = YES;
			};
			name = Release;
		};
		11C74B93269B0ACB00347793 /* Debug */ = {
			isa = XCBuildConfiguration;
			buildSettings = {
				ASSETCATALOG_COMPILER_APPICON_NAME = AppIcon;
				ASSETCATALOG_COMPILER_GLOBAL_ACCENT_COLOR_NAME = AccentColor;
				CODE_SIGN_STYLE = Automatic;
				DEVELOPMENT_TEAM = 29TA2BJY3J;
				INFOPLIST_FILE = BankUISample/Info.plist;
				LD_RUNPATH_SEARCH_PATHS = (
					"$(inherited)",
					"@executable_path/Frameworks",
				);
				PRODUCT_BUNDLE_IDENTIFIER = Academy.BankUISample;
				PRODUCT_NAME = "$(TARGET_NAME)";
				SWIFT_VERSION = 5.0;
				TARGETED_DEVICE_FAMILY = "1,2";
			};
			name = Debug;
		};
		11C74B94269B0ACB00347793 /* Release */ = {
			isa = XCBuildConfiguration;
			buildSettings = {
				ASSETCATALOG_COMPILER_APPICON_NAME = AppIcon;
				ASSETCATALOG_COMPILER_GLOBAL_ACCENT_COLOR_NAME = AccentColor;
				CODE_SIGN_STYLE = Automatic;
				DEVELOPMENT_TEAM = 29TA2BJY3J;
				INFOPLIST_FILE = BankUISample/Info.plist;
				LD_RUNPATH_SEARCH_PATHS = (
					"$(inherited)",
					"@executable_path/Frameworks",
				);
				PRODUCT_BUNDLE_IDENTIFIER = Academy.BankUISample;
				PRODUCT_NAME = "$(TARGET_NAME)";
				SWIFT_VERSION = 5.0;
				TARGETED_DEVICE_FAMILY = "1,2";
			};
			name = Release;
		};
/* End XCBuildConfiguration section */

/* Begin XCConfigurationList section */
		11C74B79269B0AC200347793 /* Build configuration list for PBXProject "BankUISample" */ = {
			isa = XCConfigurationList;
			buildConfigurations = (
				11C74B90269B0ACB00347793 /* Debug */,
				11C74B91269B0ACB00347793 /* Release */,
			);
			defaultConfigurationIsVisible = 0;
			defaultConfigurationName = Release;
		};
		11C74B92269B0ACB00347793 /* Build configuration list for PBXNativeTarget "BankUISample" */ = {
			isa = XCConfigurationList;
			buildConfigurations = (
				11C74B93269B0ACB00347793 /* Debug */,
				11C74B94269B0ACB00347793 /* Release */,
			);
			defaultConfigurationIsVisible = 0;
			defaultConfigurationName = Release;
		};
/* End XCConfigurationList section */
	};
	rootObject = 11C74B76269B0AC200347793 /* Project object */;
}
